
Microsoft Visual Studio Solution File, Format Version 12.00
# Visual Studio Version 16
VisualStudioVersion = 16.0.29519.87
MinimumVisualStudioVersion = 10.0.40219.1
Project("{FAE04EC0-301F-11D3-BF4B-00C04F79EFBC}") = "PracticaFinal7", "PracticaFinal7\PracticaFinal7.csproj", "{F1A0FBBC-3ED0-451D-9BEB-C9957ABC2DF7}"
EndProject
Global
	GlobalSection(SolutionConfigurationPlatforms) = preSolution
		Debug|Any CPU = Debug|Any CPU
		Release|Any CPU = Release|Any CPU
	EndGlobalSection
	GlobalSection(ProjectConfigurationPlatforms) = postSolution
		{F1A0FBBC-3ED0-451D-9BEB-C9957ABC2DF7}.Debug|Any CPU.ActiveCfg = Debug|Any CPU
		{F1A0FBBC-3ED0-451D-9BEB-C9957ABC2DF7}.Debug|Any CPU.Build.0 = Debug|Any CPU
		{F1A0FBBC-3ED0-451D-9BEB-C9957ABC2DF7}.Release|Any CPU.ActiveCfg = Release|Any CPU
		{F1A0FBBC-3ED0-451D-9BEB-C9957ABC2DF7}.Release|Any CPU.Build.0 = Release|Any CPU
	EndGlobalSection
	GlobalSection(SolutionProperties) = preSolution
		HideSolutionNode = FALSE
	EndGlobalSection
	GlobalSection(ExtensibilityGlobals) = postSolution
		SolutionGuid = {5E6AC8D9-172A-42B5-93E5-88DCEFE44A4C}
	EndGlobalSection
EndGlobal
