
Microsoft Visual Studio Solution File, Format Version 12.00
# Visual Studio Version 16
VisualStudioVersion = 16.0.29306.81
MinimumVisualStudioVersion = 10.0.40219.1
Project("{FAE04EC0-301F-11D3-BF4B-00C04F79EFBC}") = "PracticaParcial", "PracticaParcial\PracticaParcial.csproj", "{B19C4847-B173-410D-A199-E910C61586CB}"
EndProject
Global
	GlobalSection(SolutionConfigurationPlatforms) = preSolution
		Debug|Any CPU = Debug|Any CPU
		Release|Any CPU = Release|Any CPU
	EndGlobalSection
	GlobalSection(ProjectConfigurationPlatforms) = postSolution
		{B19C4847-B173-410D-A199-E910C61586CB}.Debug|Any CPU.ActiveCfg = Debug|Any CPU
		{B19C4847-B173-410D-A199-E910C61586CB}.Debug|Any CPU.Build.0 = Debug|Any CPU
		{B19C4847-B173-410D-A199-E910C61586CB}.Release|Any CPU.ActiveCfg = Release|Any CPU
		{B19C4847-B173-410D-A199-E910C61586CB}.Release|Any CPU.Build.0 = Release|Any CPU
	EndGlobalSection
	GlobalSection(SolutionProperties) = preSolution
		HideSolutionNode = FALSE
	EndGlobalSection
	GlobalSection(ExtensibilityGlobals) = postSolution
		SolutionGuid = {5D11DC91-0273-4156-9E03-546531F25E5A}
	EndGlobalSection
EndGlobal
