
Microsoft Visual Studio Solution File, Format Version 12.00
# Visual Studio Version 16
VisualStudioVersion = 16.0.29209.62
MinimumVisualStudioVersion = 10.0.40219.1
Project("{FAE04EC0-301F-11D3-BF4B-00C04F79EFBC}") = "TrabajoPractico2", "TrabajoPractico2\TrabajoPractico2.csproj", "{DB9746E6-4632-4F85-8D71-6CB7BA5645B4}"
EndProject
Global
	GlobalSection(SolutionConfigurationPlatforms) = preSolution
		Debug|Any CPU = Debug|Any CPU
		Release|Any CPU = Release|Any CPU
	EndGlobalSection
	GlobalSection(ProjectConfigurationPlatforms) = postSolution
		{DB9746E6-4632-4F85-8D71-6CB7BA5645B4}.Debug|Any CPU.ActiveCfg = Debug|Any CPU
		{DB9746E6-4632-4F85-8D71-6CB7BA5645B4}.Debug|Any CPU.Build.0 = Debug|Any CPU
		{DB9746E6-4632-4F85-8D71-6CB7BA5645B4}.Release|Any CPU.ActiveCfg = Release|Any CPU
		{DB9746E6-4632-4F85-8D71-6CB7BA5645B4}.Release|Any CPU.Build.0 = Release|Any CPU
	EndGlobalSection
	GlobalSection(SolutionProperties) = preSolution
		HideSolutionNode = FALSE
	EndGlobalSection
	GlobalSection(ExtensibilityGlobals) = postSolution
		SolutionGuid = {635EE2E4-84A1-4411-A173-727312D17D3A}
	EndGlobalSection
EndGlobal
